
Microsoft Visual Studio Solution File, Format Version 12.00
# Visual Studio Version 17
VisualStudioVersion = 17.0.31903.59
MinimumVisualStudioVersion = 10.0.40219.1
Project("{FAE04EC0-301F-11D3-BF4B-00C04F79EFBC}") = "BankLib", "BankLib\BankLib.csproj", "{87D897AF-E061-4EEE-8E28-DB1457263C5A}"
EndProject
Project("{FAE04EC0-301F-11D3-BF4B-00C04F79EFBC}") = "BankTest", "BankTest\BankTest.csproj", "{C24ACDE4-7528-4B2B-8DA1-FD2515021FA7}"
EndProject
Project("{FAE04EC0-301F-11D3-BF4B-00C04F79EFBC}") = "BankLibUnitTest", "BankLibUnitTest\BankLibUnitTest.csproj", "{42467CC5-A446-44F6-ABFD-5F26486F6C43}"
EndProject
Global
	GlobalSection(SolutionConfigurationPlatforms) = preSolution
		Debug|Any CPU = Debug|Any CPU
		Release|Any CPU = Release|Any CPU
	EndGlobalSection
	GlobalSection(SolutionProperties) = preSolution
		HideSolutionNode = FALSE
	EndGlobalSection
	GlobalSection(ProjectConfigurationPlatforms) = postSolution
		{87D897AF-E061-4EEE-8E28-DB1457263C5A}.Debug|Any CPU.ActiveCfg = Debug|Any CPU
		{87D897AF-E061-4EEE-8E28-DB1457263C5A}.Debug|Any CPU.Build.0 = Debug|Any CPU
		{87D897AF-E061-4EEE-8E28-DB1457263C5A}.Release|Any CPU.ActiveCfg = Release|Any CPU
		{87D897AF-E061-4EEE-8E28-DB1457263C5A}.Release|Any CPU.Build.0 = Release|Any CPU
		{C24ACDE4-7528-4B2B-8DA1-FD2515021FA7}.Debug|Any CPU.ActiveCfg = Debug|Any CPU
		{C24ACDE4-7528-4B2B-8DA1-FD2515021FA7}.Debug|Any CPU.Build.0 = Debug|Any CPU
		{C24ACDE4-7528-4B2B-8DA1-FD2515021FA7}.Release|Any CPU.ActiveCfg = Release|Any CPU
		{C24ACDE4-7528-4B2B-8DA1-FD2515021FA7}.Release|Any CPU.Build.0 = Release|Any CPU
		{42467CC5-A446-44F6-ABFD-5F26486F6C43}.Debug|Any CPU.ActiveCfg = Debug|Any CPU
		{42467CC5-A446-44F6-ABFD-5F26486F6C43}.Debug|Any CPU.Build.0 = Debug|Any CPU
		{42467CC5-A446-44F6-ABFD-5F26486F6C43}.Release|Any CPU.ActiveCfg = Release|Any CPU
		{42467CC5-A446-44F6-ABFD-5F26486F6C43}.Release|Any CPU.Build.0 = Release|Any CPU
	EndGlobalSection
EndGlobal
